lockfileVersion: '9.0'

settings:
  autoInstallPeers: true
  excludeLinksFromLockfile: false

importers:

  .:
    dependencies:
      '@polkadot/api':
        specifier: ^16.5.2
        version: 16.5.2
      '@types/node':
        specifier: ^24.10.1
        version: 24.10.1
      chalk:
        specifier: ^5.6.2
        version: 5.6.2
      cli-table3:
        specifier: ^0.6.5
        version: 0.6.5
      commander:
        specifier: ^14.0.2
        version: 14.0.2
      dotenv:
        specifier: ^17.2.3
        version: 17.2.3
      figlet:
        specifier: ^1.9.3
        version: 1.9.3
      inquirer:
        specifier: ^12.11.0
        version: 12.11.0(@types/node@24.10.1)
      ora:
        specifier: ^9.0.0
        version: 9.0.0
      typescript:
        specifier: ^5.9.3
        version: 5.9.3
    devDependencies:
      ts-node:
        specifier: ^10.9.2
        version: 10.9.2(@types/node@24.10.1)(typescript@5.9.3)

packages:

  '@colors/colors@1.5.0':
    resolution: {integrity: sha512-ooWCrlZP11i8GImSjTHYHLkvFDP48nS4+204nGb1RiX/WXYHmJA2III9/e2DWVabCESdW7hBAEzHRqUn9OUVvQ==}
    engines: {node: '>=0.1.90'}

  '@cspotcode/source-map-support@0.8.1':
    resolution: {integrity: sha512-IchNf6dN4tHoMFIn/7OE8LWZ19Y6q/67Bmf6vnGREv8RSbBVb9LPJxEcnwrcwX6ixSvaiGoomAUvu4YSxXrVgw==}
    engines: {node: '>=12'}

  '@inquirer/ansi@1.0.2':
    resolution: {integrity: sha512-S8qNSZiYzFd0wAcyG5AXCvUHC5Sr7xpZ9wZ2py9XR88jUz8wooStVx5M6dRzczbBWjic9NP7+rY0Xi7qqK/aMQ==}
    engines: {node: '>=18'}

  '@inquirer/checkbox@4.3.1':
    resolution: {integrity: sha512-rOcLotrptYIy59SGQhKlU0xBg1vvcVl2FdPIEclUvKHh0wo12OfGkId/01PIMJ/V+EimJ77t085YabgnQHBa5A==}
    engines: {node: '>=18'}
    peerDependencies:
      '@types/node': '>=18'
    peerDependenciesMeta:
      '@types/node':
        optional: true

  '@inquirer/confirm@5.1.20':
    resolution: {integrity: sha512-HDGiWh2tyRZa0M1ZnEIUCQro25gW/mN8ODByicQrbR1yHx4hT+IOpozCMi5TgBtUdklLwRI2mv14eNpftDluEw==}
    engines: {node: '>=18'}
    peerDependencies:
      '@types/node': '>=18'
    peerDependenciesMeta:
      '@types/node':
        optional: true

  '@inquirer/core@10.3.1':
    resolution: {integrity: sha512-hzGKIkfomGFPgxKmnKEKeA+uCYBqC+TKtRx5LgyHRCrF6S2MliwRIjp3sUaWwVzMp7ZXVs8elB0Tfe682Rpg4w==}
    engines: {node: '>=18'}
    peerDependencies:
      '@types/node': '>=18'
    peerDependenciesMeta:
      '@types/node':
        optional: true

  '@inquirer/editor@4.2.22':
    resolution: {integrity: sha512-8yYZ9TCbBKoBkzHtVNMF6PV1RJEUvMlhvmS3GxH4UvXMEHlS45jFyqFy0DU+K42jBs5slOaA78xGqqqWAx3u6A==}
    engines: {node: '>=18'}
    peerDependencies:
      '@types/node': '>=18'
    peerDependenciesMeta:
      '@types/node':
        optional: true

  '@inquirer/expand@4.0.22':
    resolution: {integrity: sha512-9XOjCjvioLjwlq4S4yXzhvBmAXj5tG+jvva0uqedEsQ9VD8kZ+YT7ap23i0bIXOtow+di4+u3i6u26nDqEfY4Q==}
    engines: {node: '>=18'}
    peerDependencies:
      '@types/node': '>=18'
    peerDependenciesMeta:
      '@types/node':
        optional: true

  '@inquirer/external-editor@1.0.3':
    resolution: {integrity: sha512-RWbSrDiYmO4LbejWY7ttpxczuwQyZLBUyygsA9Nsv95hpzUWwnNTVQmAq3xuh7vNwCp07UTmE5i11XAEExx4RA==}
    engines: {node: '>=18'}
    peerDependencies:
      '@types/node': '>=18'
    peerDependenciesMeta:
      '@types/node':
        optional: true

  '@inquirer/figures@1.0.15':
    resolution: {integrity: sha512-t2IEY+unGHOzAaVM5Xx6DEWKeXlDDcNPeDyUpsRc6CUhBfU3VQOEl+Vssh7VNp1dR8MdUJBWhuObjXCsVpjN5g==}
    engines: {node: '>=18'}

  '@inquirer/input@4.3.0':
    resolution: {integrity: sha512-h4fgse5zeGsBSW3cRQqu9a99OXRdRsNCvHoBqVmz40cjYjYFzcfwD0KA96BHIPlT7rZw0IpiefQIqXrjbzjS4Q==}
    engines: {node: '>=18'}
    peerDependencies:
      '@types/node': '>=18'
    peerDependenciesMeta:
      '@types/node':
        optional: true

  '@inquirer/number@3.0.22':
    resolution: {integrity: sha512-oAdMJXz++fX58HsIEYmvuf5EdE8CfBHHXjoi9cTcQzgFoHGZE+8+Y3P38MlaRMeBvAVnkWtAxMUF6urL2zYsbg==}
    engines: {node: '>=18'}
    peerDependencies:
      '@types/node': '>=18'
    peerDependenciesMeta:
      '@types/node':
        optional: true

  '@inquirer/password@4.0.22':
    resolution: {integrity: sha512-CbdqK1ioIr0Y3akx03k/+Twf+KSlHjn05hBL+rmubMll7PsDTGH0R4vfFkr+XrkB0FOHrjIwVP9crt49dgt+1g==}
    engines: {node: '>=18'}
    peerDependencies:
      '@types/node': '>=18'
    peerDependenciesMeta:
      '@types/node':
        optional: true

  '@inquirer/prompts@7.10.0':
    resolution: {integrity: sha512-X2HAjY9BClfFkJ2RP3iIiFxlct5JJVdaYYXhA7RKxsbc9KL+VbId79PSoUGH/OLS011NFbHHDMDcBKUj3T89+Q==}
    engines: {node: '>=18'}
    peerDependencies:
      '@types/node': '>=18'
    peerDependenciesMeta:
      '@types/node':
        optional: true

  '@inquirer/rawlist@4.1.10':
    resolution: {integrity: sha512-Du4uidsgTMkoH5izgpfyauTL/ItVHOLsVdcY+wGeoGaG56BV+/JfmyoQGniyhegrDzXpfn3D+LFHaxMDRygcAw==}
    engines: {node: '>=18'}
    peerDependencies:
      '@types/node': '>=18'
    peerDependenciesMeta:
      '@types/node':
        optional: true

  '@inquirer/search@3.2.1':
    resolution: {integrity: sha512-cKiuUvETublmTmaOneEermfG2tI9ABpb7fW/LqzZAnSv4ZaJnbEis05lOkiBuYX5hNdnX0Q9ryOQyrNidb55WA==}
    engines: {node: '>=18'}
    peerDependencies:
      '@types/node': '>=18'
    peerDependenciesMeta:
      '@types/node':
        optional: true

  '@inquirer/select@4.4.1':
    resolution: {integrity: sha512-E9hbLU4XsNe2SAOSsFrtYtYQDVi1mfbqJrPDvXKnGlnRiApBdWMJz7r3J2Ff38AqULkPUD3XjQMD4492TymD7Q==}
    engines: {node: '>=18'}
    peerDependencies:
      '@types/node': '>=18'
    peerDependenciesMeta:
      '@types/node':
        optional: true

  '@inquirer/type@3.0.10':
    resolution: {integrity: sha512-BvziSRxfz5Ov8ch0z/n3oijRSEcEsHnhggm4xFZe93DHcUCTlutlq9Ox4SVENAfcRD22UQq7T/atg9Wr3k09eA==}
    engines: {node: '>=18'}
    peerDependencies:
      '@types/node': '>=18'
    peerDependenciesMeta:
      '@types/node':
        optional: true

  '@jridgewell/resolve-uri@3.1.2':
    resolution: {integrity: sha512-bRISgCIjP20/tbWSPWMEi54QVPRZExkuD9lJL+UIxUKtwVJA8wW1Trb1jMs1RFXo1CBTNZ/5hpC9QvmKWdopKw==}
    engines: {node: '>=6.0.0'}

  '@jridgewell/sourcemap-codec@1.5.5':
    resolution: {integrity: sha512-cYQ9310grqxueWbl+WuIUIaiUaDcj7WOq5fVhEljNVgRfOUhY9fy2zTvfoqWsnebh8Sl70VScFbICvJnLKB0Og==}

  '@jridgewell/trace-mapping@0.3.9':
    resolution: {integrity: sha512-3Belt6tdc8bPgAtbcmdtNJlirVoTmEb5e2gC94PnkwEW9jI6CAHUeoG85tjWP5WquqfavoMtMwiG4P926ZKKuQ==}

  '@noble/curves@1.9.7':
    resolution: {integrity: sha512-gbKGcRUYIjA3/zCCNaWDciTMFI0dCkvou3TL8Zmy5Nc7sJ47a0jtOeZoTaMxkuqRo9cRhjOdZJXegxYE5FN/xw==}
    engines: {node: ^14.21.3 || >=16}

  '@noble/hashes@1.8.0':
    resolution: {integrity: sha512-jCs9ldd7NwzpgXDIf6P3+NrHh9/sD6CQdxHyjQI+h/6rDNo88ypBxxz45UDuZHz9r3tNz7N/VInSVoVdtXEI4A==}
    engines: {node: ^14.21.3 || >=16}

  '@polkadot-api/json-rpc-provider-proxy@0.1.0':
    resolution: {integrity: sha512-8GSFE5+EF73MCuLQm8tjrbCqlgclcHBSRaswvXziJ0ZW7iw3UEMsKkkKvELayWyBuOPa2T5i1nj6gFOeIsqvrg==}

  '@polkadot-api/json-rpc-provider@0.0.1':
    resolution: {integrity: sha512-/SMC/l7foRjpykLTUTacIH05H3mr9ip8b5xxfwXlVezXrNVLp3Cv0GX6uItkKd+ZjzVPf3PFrDF2B2/HLSNESA==}

  '@polkadot-api/metadata-builders@0.3.2':
    resolution: {integrity: sha512-TKpfoT6vTb+513KDzMBTfCb/ORdgRnsS3TDFpOhAhZ08ikvK+hjHMt5plPiAX/OWkm1Wc9I3+K6W0hX5Ab7MVg==}

  '@polkadot-api/observable-client@0.3.2':
    resolution: {integrity: sha512-HGgqWgEutVyOBXoGOPp4+IAq6CNdK/3MfQJmhCJb8YaJiaK4W6aRGrdQuQSTPHfERHCARt9BrOmEvTXAT257Ug==}
    peerDependencies:
      '@polkadot-api/substrate-client': 0.1.4
      rxjs: '>=7.8.0'

  '@polkadot-api/substrate-bindings@0.6.0':
    resolution: {integrity: sha512-lGuhE74NA1/PqdN7fKFdE5C1gNYX357j1tWzdlPXI0kQ7h3kN0zfxNOpPUN7dIrPcOFZ6C0tRRVrBylXkI6xPw==}

  '@polkadot-api/substrate-client@0.1.4':
    resolution: {integrity: sha512-MljrPobN0ZWTpn++da9vOvt+Ex+NlqTlr/XT7zi9sqPtDJiQcYl+d29hFAgpaeTqbeQKZwz3WDE9xcEfLE8c5A==}

  '@polkadot-api/utils@0.1.0':
    resolution: {integrity: sha512-MXzWZeuGxKizPx2Xf/47wx9sr/uxKw39bVJUptTJdsaQn/TGq+z310mHzf1RCGvC1diHM8f593KrnDgc9oNbJA==}

  '@polkadot/api-augment@16.5.2':
    resolution: {integrity: sha512-gDExOFPNHERqhnc7/4Fikvx63lOR7bsMUs5lXfNi6H5X773zIecnH+QbgILK6OfB8w+HCiUoUriKyYvFsI0zrA==}
    engines: {node: '>=18'}

  '@polkadot/api-base@16.5.2':
    resolution: {integrity: sha512-YbXY4/ocZVXjx3a3H3HzGa7qrZ2itttkZz4q9Rrba0QFPyeN06KnaDLqDSo3mvJ4EVbhpuYgiNp10/tBb1+Llw==}
    engines: {node: '>=18'}

  '@polkadot/api-derive@16.5.2':
    resolution: {integrity: sha512-QBL7Yu4qa+nWWBEgpzmxbNoVC2uXFv7WQGPgH0pT/37hfcMXtCwQ9p37e1dGDxkB6oq0Jt4YJCNwVUxTZfi2vg==}
    engines: {node: '>=18'}

  '@polkadot/api@16.5.2':
    resolution: {integrity: sha512-EOkxs7KTgcytIhIxlIhIMV8EQQ/5F3bFs4hIRIqVFPJhNQn3tbq130HiJbQmvOnlxa3PXCEu7XVoCL0zkV08YQ==}
    engines: {node: '>=18'}

  '@polkadot/keyring@13.5.8':
    resolution: {integrity: sha512-BiTvXuLVxDpUw0c2E0Jr9H/QQ1p8YM7XV4XUucodtV/hrDHHpfp5jNg6zeeRTpU+qSkOYQmgL2dzw0hyWORcUQ==}
    engines: {node: '>=18'}
    peerDependencies:
      '@polkadot/util': 13.5.8
      '@polkadot/util-crypto': 13.5.8

  '@polkadot/networks@13.5.8':
    resolution: {integrity: sha512-e8wPLmTC/YtowkbkTG1BbeDy7PBKcclePSTZe72Xctx8kVssmAX6lKUQNk7tgu1BttGOhn6x9M8RXBBD4zB9Vw==}
    engines: {node: '>=18'}

  '@polkadot/rpc-augment@16.5.2':
    resolution: {integrity: sha512-wFMkvWNy3Cjjat+dVDnKeXP8brZK/WxEuDHYuEoyDziJstuBQdMoXhO97W3gvsXDp7OVI61xqLmsnEYo+HXwTw==}
    engines: {node: '>=18'}

  '@polkadot/rpc-core@16.5.2':
    resolution: {integrity: sha512-Q+vcaqvLyVtRyKn7OuoEMJEB5EA1cq7axVwLpljbTzYwV1qENlubkEFR5TViVyg/zPH8G7eJ2hHzMgXf/14e0w==}
    engines: {node: '>=18'}

  '@polkadot/rpc-provider@16.5.2':
    resolution: {integrity: sha512-NEgGQUwOjlMb+83BAOCuWTNrVJ7zTCX2y828bh18XWOpF8sCltjrqYu6ZYaUucFa43emJMBlrm5M+jhJI37ofQ==}
    engines: {node: '>=18'}

  '@polkadot/types-augment@16.5.2':
    resolution: {integrity: sha512-Psl96Fiolg3lVpRO/gbnPqBwXw6RNNbsRotvjG39O6r6OFiwkB61hfhIfaRSa+rSETQFDBpfa5O60hFA8w6Jvw==}
    engines: {node: '>=18'}

  '@polkadot/types-codec@16.5.2':
    resolution: {integrity: sha512-buhc+JckA1Xcaq8GssSLqsb6hTdEV87zT8X2ZWdn4MGPDfpZKAQAqWON51dYD/thfqclW502G7UMu1SynwXPjg==}
    engines: {node: '>=18'}

  '@polkadot/types-create@16.5.2':
    resolution: {integrity: sha512-4Y+ZC/qXP6wH2GizJqr6WGRyiVLbr1EwbKXLc6jkGe5UsEHczx/B4ZQq3z1SOkIOgOsZ2EyH7R6HmH15lJXI+Q==}
    engines: {node: '>=18'}

  '@polkadot/types-known@16.5.2':
    resolution: {integrity: sha512-5gaZngP/PiR751ZjulkOuz4dbql+hOFpotGX4hxhKfw4fVr0P0tdPmgKkC7koev93j3y16NdzIVhA3HaoEmEIg==}
    engines: {node: '>=18'}

  '@polkadot/types-support@16.5.2':
    resolution: {integrity: sha512-l9cTx9aDY9Qk2QuYgzn/npuNzVYag3mfqQG4vUt7/6qtDHVVCfyreGUBz5RHueYjem7R4m9byh6aFh0m6ljZgg==}
    engines: {node: '>=18'}

  '@polkadot/types@16.5.2':
    resolution: {integrity: sha512-Lsie9bCE/CxmxG76bpYnRU4/UcRTi5q9zYPtAjt9GbgPpUSr17mMqsWAitq+qFYF29Bxo9EvAbFkj9QxoFWNsA==}
    engines: {node: '>=18'}

  '@polkadot/util-crypto@13.5.8':
    resolution: {integrity: sha512-3nnyqyZsrYkO3RkQn9opUnrJrQTR5/5LXgT3u/gCXrLPwjj6x8P7CZYJT2fn8aUVXbQe9iGM0SAs1mbG3aDCCQ==}
    engines: {node: '>=18'}
    peerDependencies:
      '@polkadot/util': 13.5.8

  '@polkadot/util@13.5.8':
    resolution: {integrity: sha512-5xEfNoum/Ct+gYWN3AYvBQ8vq8KiS4HsY3BexPUPXvSXSx3Id/JYA5oFLYnkuRp8hwoQGjX0wqUJ6Hp8D8LHKw==}
    engines: {node: '>=18'}

  '@polkadot/wasm-bridge@7.5.2':
    resolution: {integrity: sha512-P9qLGa+PFnBaaPLAYaYfzRV2kgavKJgzYXOIT4ESTeGfPyPQ51DWe4WKQACXHcZLJ2875okC0jHH9bu2ueUsQw==}
    engines: {node: '>=18'}
    peerDependencies:
      '@polkadot/util': '*'
      '@polkadot/x-randomvalues': '*'

  '@polkadot/wasm-crypto-asmjs@7.5.2':
    resolution: {integrity: sha512-bb5k2yPuvSu1iyhTyTs9w0X3CUC2tYyqXL9o1Pfi9yiwNtlRFP1RScjSbYMBP7lmibOJ466i1P26w4UYYV/P0g==}
    engines: {node: '>=18'}
    peerDependencies:
      '@polkadot/util': '*'

  '@polkadot/wasm-crypto-init@7.5.2':
    resolution: {integrity: sha512-mT+UVAjwDL8VW0pjAn1TjC3XdkaXm3WZ8vLwCjIeWnrsW33QCVLwGrcaUGWejrTTWAzZmfTGdtIDfaSM5QUSNQ==}
    engines: {node: '>=18'}
    peerDependencies:
      '@polkadot/util': '*'
      '@polkadot/x-randomvalues': '*'

  '@polkadot/wasm-crypto-wasm@7.5.2':
    resolution: {integrity: sha512-Tf2HvEJ//HnGalel/FaHfd8wvHYsqY0IYVu5nCeLmbo7HGNR+apEXKIJ7W0kcXg+2U7JhxpT8KspMJg+e3f0kA==}
    engines: {node: '>=18'}
    peerDependencies:
      '@polkadot/util': '*'

  '@polkadot/wasm-crypto@7.5.2':
    resolution: {integrity: sha512-1/J+qu0D1R6Xe5AKZitTGQNmYCmWm+oYFXWx/YG0OjFmEDqMblBwcgh2skwqE83IR87DIwYjHrLt34UMuPx39A==}
    engines: {node: '>=18'}
    peerDependencies:
      '@polkadot/util': '*'
      '@polkadot/x-randomvalues': '*'

  '@polkadot/wasm-util@7.5.2':
    resolution: {integrity: sha512-DIKy6CMiPsbguU5nUHz/hnD05eZmkT7R/E70cotk+QMaQWT189syJ05Z/YGQD/JdPoRf4uVNA5xHCWLikmzwZQ==}
    engines: {node: '>=18'}
    peerDependencies:
      '@polkadot/util': '*'

  '@polkadot/x-bigint@13.5.8':
    resolution: {integrity: sha512-4ltTNgFDZoPnuQBrP7Z3m3imQ3xKb7jKScAT/Gy89h9siLYyJdZ+qawZfO1cll6fqYlka+k7USqGeyOEqoyCfg==}
    engines: {node: '>=18'}

  '@polkadot/x-fetch@13.5.8':
    resolution: {integrity: sha512-htNuY8zFw5vzNS2mFm9P22oBJg7Az8Xbg3fMmR/A6ZDhAfxfM6IbX9pPHkNJY2Wng3tysrY5VMOUMb1IIrSf3w==}
    engines: {node: '>=18'}

  '@polkadot/x-global@13.5.8':
    resolution: {integrity: sha512-KDK3CEG/RvfCu3w4HZ/iv6c49XrN5Hz/3mXUQdLfR+TFKADdNCoIhMZ9f7vHYgdnB9tlY9s6Dn2svY99h1wRiw==}
    engines: {node: '>=18'}

  '@polkadot/x-randomvalues@13.5.8':
    resolution: {integrity: sha512-u9Nw5wP2mruo2AzRLWmK4KrYStsaTWH86H96O/6aRSsse6E3QCoqTzwDTDHBT05PWekbDNa7qwKmgKw4UNJfPw==}
    engines: {node: '>=18'}
    peerDependencies:
      '@polkadot/util': 13.5.8
      '@polkadot/wasm-util': '*'

  '@polkadot/x-textdecoder@13.5.8':
    resolution: {integrity: sha512-Uzz6spRDzzQDQBN6PNpjz0HVp2kqhQVJRh1ShLP9rBg+nH4we9VGriWGG5stkgNKjRGT0Z7cvx0FupRQoNDU4A==}
    engines: {node: '>=18'}

  '@polkadot/x-textencoder@13.5.8':
    resolution: {integrity: sha512-2jcVte6mUy+GXjpZsS7dFca8C2r8EGgaG5o7mVQZ+PjauD06O/UP2g48UuDJHGe1QCJN0f0WaoD+RNw9tOF2yQ==}
    engines: {node: '>=18'}

  '@polkadot/x-ws@13.5.8':
    resolution: {integrity: sha512-tEs69W3O7Y2lPGihOFWwSE91GkaMEAzJhkDouTfacBKwD6O2b1/Im97jBdxQBmi7kN3pAWGXXTk9sz8TCh30Ug==}
    engines: {node: '>=18'}

  '@scure/base@1.2.6':
    resolution: {integrity: sha512-g/nm5FgUa//MCj1gV09zTJTaM6KBAHqLN907YVQqf7zC49+DcO4B1so4ZX07Ef10Twr6nuqYEH9GEggFXA4Fmg==}

  '@substrate/connect-extension-protocol@2.2.2':
    resolution: {integrity: sha512-t66jwrXA0s5Goq82ZtjagLNd7DPGCNjHeehRlE/gcJmJ+G56C0W+2plqOMRicJ8XGR1/YFnUSEqUFiSNbjGrAA==}

  '@substrate/connect-known-chains@1.10.3':
    resolution: {integrity: sha512-OJEZO1Pagtb6bNE3wCikc2wrmvEU5x7GxFFLqqbz1AJYYxSlrPCGu4N2og5YTExo4IcloNMQYFRkBGue0BKZ4w==}

  '@substrate/connect@0.8.11':
    resolution: {integrity: sha512-ofLs1PAO9AtDdPbdyTYj217Pe+lBfTLltdHDs3ds8no0BseoLeAGxpz1mHfi7zB4IxI3YyAiLjH6U8cw4pj4Nw==}
    deprecated: versions below 1.x are no longer maintained

  '@substrate/light-client-extension-helpers@1.0.0':
    resolution: {integrity: sha512-TdKlni1mBBZptOaeVrKnusMg/UBpWUORNDv5fdCaJklP4RJiFOzBCrzC+CyVI5kQzsXBisZ+2pXm+rIjS38kHg==}
    peerDependencies:
      smoldot: 2.x

  '@substrate/ss58-registry@1.51.0':
    resolution: {integrity: sha512-TWDurLiPxndFgKjVavCniytBIw+t4ViOi7TYp9h/D0NMmkEc9klFTo+827eyEJ0lELpqO207Ey7uGxUa+BS1jQ==}

  '@tsconfig/node10@1.0.11':
    resolution: {integrity: sha512-DcRjDCujK/kCk/cUe8Xz8ZSpm8mS3mNNpta+jGCA6USEDfktlNvm1+IuZ9eTcDbNk41BHwpHHeW+N1lKCz4zOw==}

  '@tsconfig/node12@1.0.11':
    resolution: {integrity: sha512-cqefuRsh12pWyGsIoBKJA9luFu3mRxCA+ORZvA4ktLSzIuCUtWVxGIuXigEwO5/ywWFMZ2QEGKWvkZG1zDMTag==}

  '@tsconfig/node14@1.0.3':
    resolution: {integrity: sha512-ysT8mhdixWK6Hw3i1V2AeRqZ5WfXg1G43mqoYlM2nc6388Fq5jcXyr5mRsqViLx/GJYdoL0bfXD8nmF+Zn/Iow==}

  '@tsconfig/node16@1.0.4':
    resolution: {integrity: sha512-vxhUy4J8lyeyinH7Azl1pdd43GJhZH/tP2weN8TntQblOY+A0XbT8DJk1/oCPuOOyg/Ja757rG0CgHcWC8OfMA==}

  '@types/bn.js@5.2.0':
    resolution: {integrity: sha512-DLbJ1BPqxvQhIGbeu8VbUC1DiAiahHtAYvA0ZEAa4P31F7IaArc8z3C3BRQdWX4mtLQuABG4yzp76ZrS02Ui1Q==}

  '@types/node@24.10.1':
    resolution: {integrity: sha512-GNWcUTRBgIRJD5zj+Tq0fKOJ5XZajIiBroOF0yvj2bSU1WvNdYS/dn9UxwsujGW4JX06dnHyjV2y9rRaybH0iQ==}

  acorn-walk@8.3.4:
    resolution: {integrity: sha512-ueEepnujpqee2o5aIYnvHU6C0A42MNdsIDeqy5BydrkuC5R1ZuUFnm27EeFJGoEHJQgn3uleRvmTXaJgfXbt4g==}
    engines: {node: '>=0.4.0'}

  acorn@8.15.0:
    resolution: {integrity: sha512-NZyJarBfL7nWwIq+FDL6Zp/yHEhePMNnnJ0y3qfieCrmNvYct8uvtiV41UvlSe6apAfk0fY1FbWx+NwfmpvtTg==}
    engines: {node: '>=0.4.0'}
    hasBin: true

  ansi-regex@5.0.1:
    resolution: {integrity: sha512-quJQXlTSUGL2LH9SUXo8VwsY4soanhgo6LNSm84E1LBcE8s3O0wpdiRzyR9z/ZZJMlMWv37qOOb9pdJlMUEKFQ==}
    engines: {node: '>=8'}

  ansi-regex@6.2.2:
    resolution: {integrity: sha512-Bq3SmSpyFHaWjPk8If9yc6svM8c56dB5BAtW4Qbw5jHTwwXXcTLoRMkpDJp6VL0XzlWaCHTXrkFURMYmD0sLqg==}
    engines: {node: '>=12'}

  ansi-styles@4.3.0:
    resolution: {integrity: sha512-zbB9rCJAT1rbjiVDb2hqKFHNYLxgtk8NURxZ3IZwD3F6NtxbXZQCnnSi1Lkx+IDohdPlFp222wVALIheZJQSEg==}
    engines: {node: '>=8'}

  arg@4.1.3:
    resolution: {integrity: sha512-58S9QDqG0Xx27YwPSt9fJxivjYl432YCwfDMfZ+71RAqUrZef7LrKQZ3LHLOwCS4FLNBplP533Zx895SeOCHvA==}

  bn.js@5.2.2:
    resolution: {integrity: sha512-v2YAxEmKaBLahNwE1mjp4WON6huMNeuDvagFZW+ASCuA/ku0bXR9hSMw0XpiqMoA3+rmnyck/tPRSFQkoC9Cuw==}

  chalk@5.6.2:
    resolution: {integrity: sha512-7NzBL0rN6fMUW+f7A6Io4h40qQlG+xGmtMxfbnH/K7TAtt8JQWVQK+6g0UXKMeVJoyV5EkkNsErQ8pVD3bLHbA==}
    engines: {node: ^12.17.0 || ^14.13 || >=16.0.0}

  chardet@2.1.1:
    resolution: {integrity: sha512-PsezH1rqdV9VvyNhxxOW32/d75r01NY7TQCmOqomRo15ZSOKbpTFVsfjghxo6JloQUCGnH4k1LGu0R4yCLlWQQ==}

  cli-cursor@5.0.0:
    resolution: {integrity: sha512-aCj4O5wKyszjMmDT4tZj93kxyydN/K5zPWSCe6/0AV/AA1pqe5ZBIw0a2ZfPQV7lL5/yb5HsUreJ6UFAF1tEQw==}
    engines: {node: '>=18'}

  cli-spinners@3.3.0:
    resolution: {integrity: sha512-/+40ljC3ONVnYIttjMWrlL51nItDAbBrq2upN8BPyvGU/2n5Oxw3tbNwORCaNuNqLJnxGqOfjUuhsv7l5Q4IsQ==}
    engines: {node: '>=18.20'}

  cli-table3@0.6.5:
    resolution: {integrity: sha512-+W/5efTR7y5HRD7gACw9yQjqMVvEMLBHmboM/kPWam+H+Hmyrgjh6YncVKK122YZkXrLudzTuAukUw9FnMf7IQ==}
    engines: {node: 10.* || >= 12.*}

  cli-width@4.1.0:
    resolution: {integrity: sha512-ouuZd4/dm2Sw5Gmqy6bGyNNNe1qt9RpmxveLSO7KcgsTnU7RXfsw+/bukWGo1abgBiMAic068rclZsO4IWmmxQ==}
    engines: {node: '>= 12'}

  color-convert@2.0.1:
    resolution: {integrity: sha512-RRECPsj7iu/xb5oKYcsFHSppFNnsj/52OVTRKb4zP5onXwVF3zVmmToNcOfGC+CRDpfK/U584fMg38ZHCaElKQ==}
    engines: {node: '>=7.0.0'}

  color-name@1.1.4:
    resolution: {integrity: sha512-dOy+3AuW3a2wNbZHIuMZpTcgjGuLU/uBL/ubcZF9OXbDo8ff4O8yVp5Bf0efS8uEoYo5q4Fx7dY9OgQGXgAsQA==}

  commander@14.0.2:
    resolution: {integrity: sha512-TywoWNNRbhoD0BXs1P3ZEScW8W5iKrnbithIl0YH+uCmBd0QpPOA8yc82DS3BIE5Ma6FnBVUsJ7wVUDz4dvOWQ==}
    engines: {node: '>=20'}

  create-require@1.1.1:
    resolution: {integrity: sha512-dcKFX3jn0MpIaXjisoRvexIJVEKzaq7z2rZKxf+MSr9TkdmHmsU4m2lcLojrj/FHl8mk5VxMmYA+ftRkP/3oKQ==}

  data-uri-to-buffer@4.0.1:
    resolution: {integrity: sha512-0R9ikRb668HB7QDxT1vkpuUBtqc53YyAwMwGeUFKRojY/NWKvdZ+9UYtRfGmhqNbRkTSVpMbmyhXipFFv2cb/A==}
    engines: {node: '>= 12'}

  debug@4.4.3:
    resolution: {integrity: sha512-RGwwWnwQvkVfavKVt22FGLw+xYSdzARwm0ru6DhTVA3umU5hZc28V3kO4stgYryrTlLpuvgI9GiijltAjNbcqA==}
    engines: {node: '>=6.0'}
    peerDependencies:
      supports-color: '*'
    peerDependenciesMeta:
      supports-color:
        optional: true

  diff@4.0.2:
    resolution: {integrity: sha512-58lmxKSA4BNyLz+HHMUzlOEpg09FV+ev6ZMe3vJihgdxzgcwZ8VoEEPmALCZG9LmqfVoNMMKpttIYTVG6uDY7A==}
    engines: {node: '>=0.3.1'}

  dotenv@17.2.3:
    resolution: {integrity: sha512-JVUnt+DUIzu87TABbhPmNfVdBDt18BLOWjMUFJMSi/Qqg7NTYtabbvSNJGOJ7afbRuv9D/lngizHtP7QyLQ+9w==}
    engines: {node: '>=12'}

  emoji-regex@8.0.0:
    resolution: {integrity: sha512-MSjYzcWNOA0ewAHpz0MxpYFvwg6yjy1NG3xteoqz644VCo/RPgnr1/GGt+ic3iJTzQ8Eu3TdM14SawnVUmGE6A==}

  eventemitter3@5.0.1:
    resolution: {integrity: sha512-GWkBvjiSZK87ELrYOSESUYeVIc9mvLLf/nXalMOS5dYrgZq9o5OVkbZAVM06CVxYsCwH9BDZFPlQTlPA1j4ahA==}

  fetch-blob@3.2.0:
    resolution: {integrity: sha512-7yAQpD2UMJzLi1Dqv7qFYnPbaPx7ZfFK6PiIxQ4PfkGPyNyl2Ugx+a/umUonmKqjhM4DnfbMvdX6otXq83soQQ==}
    engines: {node: ^12.20 || >= 14.13}

  figlet@1.9.3:
    resolution: {integrity: sha512-majPgOpVtrZN1iyNGbsUP6bOtZ6eaJgg5HHh0vFvm5DJhh8dc+FJpOC4GABvMZ/A7XHAJUuJujhgUY/2jPWgMA==}
    engines: {node: '>= 17.0.0'}
    hasBin: true

  formdata-polyfill@4.0.10:
    resolution: {integrity: sha512-buewHzMvYL29jdeQTVILecSaZKnt/RJWjoZCF5OW60Z67/GmSLBkOFM7qh1PI3zFNtJbaZL5eQu1vLfazOwj4g==}
    engines: {node: '>=12.20.0'}

  get-east-asian-width@1.4.0:
    resolution: {integrity: sha512-QZjmEOC+IT1uk6Rx0sX22V6uHWVwbdbxf1faPqJ1QhLdGgsRGCZoyaQBm/piRdJy/D2um6hM1UP7ZEeQ4EkP+Q==}
    engines: {node: '>=18'}

  iconv-lite@0.7.0:
    resolution: {integrity: sha512-cf6L2Ds3h57VVmkZe+Pn+5APsT7FpqJtEhhieDCvrE2MK5Qk9MyffgQyuxQTm6BChfeZNtcOLHp9IcWRVcIcBQ==}
    engines: {node: '>=0.10.0'}

  inquirer@12.11.0:
    resolution: {integrity: sha512-E5oT7r+NxIxTuZsl/2Hg76kdT57DGc5mn5pCEz0LqZjR8hN7prgMXhUZ6A7rj/qL3X4P5lToIWNkO10uZJSzdA==}
    engines: {node: '>=18'}
    peerDependencies:
      '@types/node': '>=18'
    peerDependenciesMeta:
      '@types/node':
        optional: true

  is-fullwidth-code-point@3.0.0:
    resolution: {integrity: sha512-zymm5+u+sCsSWyD9qNaejV3DFvhCKclKdizYaJUuHA83RLjb7nSuGnddCHGv0hk+KY7BMAlsWeK4Ueg6EV6XQg==}
    engines: {node: '>=8'}

  is-interactive@2.0.0:
    resolution: {integrity: sha512-qP1vozQRI+BMOPcjFzrjXuQvdak2pHNUMZoeG2eRbiSqyvbEf/wQtEOTOX1guk6E3t36RkaqiSt8A/6YElNxLQ==}
    engines: {node: '>=12'}

  is-unicode-supported@2.1.0:
    resolution: {integrity: sha512-mE00Gnza5EEB3Ds0HfMyllZzbBrmLOX3vfWoj9A9PEnTfratQ/BcaJOuMhnkhjXvb2+FkY3VuHqtAGpTPmglFQ==}
    engines: {node: '>=18'}

  json-stringify-safe@5.0.1:
    resolution: {integrity: sha512-ZClg6AaYvamvYEE82d3Iyd3vSSIjQ+odgjaTzRuO3s7toCdFKczob2i0zCh7JE8kWn17yvAWhUVxvqGwUalsRA==}

  log-symbols@7.0.1:
    resolution: {integrity: sha512-ja1E3yCr9i/0hmBVaM0bfwDjnGy8I/s6PP4DFp+yP+a+mrHO4Rm7DtmnqROTUkHIkqffC84YY7AeqX6oFk0WFg==}
    engines: {node: '>=18'}

  make-error@1.3.6:
    resolution: {integrity: sha512-s8UhlNe7vPKomQhC1qFelMokr/Sc3AgNbso3n74mVPA5LTZwkB9NlXf4XPamLxJE8h0gh73rM94xvwRT2CVInw==}

  mimic-function@5.0.1:
    resolution: {integrity: sha512-VP79XUPxV2CigYP3jWwAUFSku2aKqBH7uTAapFWCBqutsbmDo96KY5o8uh6U+/YSIn5OxJnXp73beVkpqMIGhA==}
    engines: {node: '>=18'}

  mock-socket@9.3.1:
    resolution: {integrity: sha512-qxBgB7Qa2sEQgHFjj0dSigq7fX4k6Saisd5Nelwp2q8mlbAFh5dHV9JTTlF8viYJLSSWgMCZFUom8PJcMNBoJw==}
    engines: {node: '>= 8'}

  ms@2.1.3:
    resolution: {integrity: sha512-6FlzubTLZG3J2a/NVCAleEhjzq5oxgHyaCU9yYXvcLsvoVaHJq/s5xXI6/XXP6tz7R9xAOtHnSO/tXtF3WRTlA==}

  mute-stream@3.0.0:
    resolution: {integrity: sha512-dkEJPVvun4FryqBmZ5KhDo0K9iDXAwn08tMLDinNdRBNPcYEDiWYysLcc6k3mjTMlbP9KyylvRpd4wFtwrT9rw==}
    engines: {node: ^20.17.0 || >=22.9.0}

  nock@13.5.6:
    resolution: {integrity: sha512-o2zOYiCpzRqSzPj0Zt/dQ/DqZeYoaQ7TUonc/xUPjCGl9WeHpNbxgVvOquXYAaJzI0M9BXV3HTzG0p8IUAbBTQ==}
    engines: {node: '>= 10.13'}

  node-domexception@1.0.0:
    resolution: {integrity: sha512-/jKZoMpw0F8GRwl4/eLROPA3cfcXtLApP0QzLmUT/HuPCZWyB7IY9ZrMeKw2O/nFIqPQB3PVM9aYm0F312AXDQ==}
    engines: {node: '>=10.5.0'}
    deprecated: Use your platform's native DOMException instead

  node-fetch@3.3.2:
    resolution: {integrity: sha512-dRB78srN/l6gqWulah9SrxeYnxeddIG30+GOqK/9OlLVyLg3HPnr6SqOWTWOXKRwC2eGYCkZ59NNuSgvSrpgOA==}
    engines: {node: ^12.20.0 || ^14.13.1 || >=16.0.0}

  onetime@7.0.0:
    resolution: {integrity: sha512-VXJjc87FScF88uafS3JllDgvAm+c/Slfz06lorj2uAY34rlUu0Nt+v8wreiImcrgAjjIHp1rXpTDlLOGw29WwQ==}
    engines: {node: '>=18'}

  ora@9.0.0:
    resolution: {integrity: sha512-m0pg2zscbYgWbqRR6ABga5c3sZdEon7bSgjnlXC64kxtxLOyjRcbbUkLj7HFyy/FTD+P2xdBWu8snGhYI0jc4A==}
    engines: {node: '>=20'}

  propagate@2.0.1:
    resolution: {integrity: sha512-vGrhOavPSTz4QVNuBNdcNXePNdNMaO1xj9yBeH1ScQPjk/rhg9sSlCXPhMkFuaNNW/syTvYqsnbIJxMBfRbbag==}
    engines: {node: '>= 8'}

  restore-cursor@5.1.0:
    resolution: {integrity: sha512-oMA2dcrw6u0YfxJQXm342bFKX/E4sG9rbTzO9ptUcR/e8A33cHuvStiYOwH7fszkZlZ1z/ta9AAoPk2F4qIOHA==}
    engines: {node: '>=18'}

  run-async@4.0.6:
    resolution: {integrity: sha512-IoDlSLTs3Yq593mb3ZoKWKXMNu3UpObxhgA/Xuid5p4bbfi2jdY1Hj0m1K+0/tEuQTxIGMhQDqGjKb7RuxGpAQ==}
    engines: {node: '>=0.12.0'}

  rxjs@7.8.2:
    resolution: {integrity: sha512-dhKf903U/PQZY6boNNtAGdWbG85WAbjT/1xYoZIC7FAY0yWapOBQVsVrDl58W86//e1VpMNBtRV4MaXfdMySFA==}

  safer-buffer@2.1.2:
    resolution: {integrity: sha512-YZo3K82SD7Riyi0E1EQPojLz7kpepnSQI9IyPbHHg1XXXevb5dJI7tpyN2ADxGcQbHG7vcyRHk0cbwqcQriUtg==}

  scale-ts@1.6.1:
    resolution: {integrity: sha512-PBMc2AWc6wSEqJYBDPcyCLUj9/tMKnLX70jLOSndMtcUoLQucP/DM0vnQo1wJAYjTrQiq8iG9rD0q6wFzgjH7g==}

  signal-exit@4.1.0:
    resolution: {integrity: sha512-bzyZ1e88w9O1iNJbKnOlvYTrWPDl46O1bG0D3XInv+9tkPrxrN8jUUTiFlDkkmKWgn1M6CfIA13SuGqOa9Korw==}
    engines: {node: '>=14'}

  smoldot@2.0.26:
    resolution: {integrity: sha512-F+qYmH4z2s2FK+CxGj8moYcd1ekSIKH8ywkdqlOz88Dat35iB1DIYL11aILN46YSGMzQW/lbJNS307zBSDN5Ig==}

  stdin-discarder@0.2.2:
    resolution: {integrity: sha512-UhDfHmA92YAlNnCfhmq0VeNL5bDbiZGg7sZ2IvPsXubGkiNa9EC+tUTsjBRsYUAz87btI6/1wf4XoVvQ3uRnmQ==}
    engines: {node: '>=18'}

  string-width@4.2.3:
    resolution: {integrity: sha512-wKyQRQpjJ0sIp62ErSZdGsjMJWsap5oRNihHhu6G7JVO/9jIB6UyevL+tXuOqrng8j/cxKTWyWUwvSTriiZz/g==}
    engines: {node: '>=8'}

  string-width@8.1.0:
    resolution: {integrity: sha512-Kxl3KJGb/gxkaUMOjRsQ8IrXiGW75O4E3RPjFIINOVH8AMl2SQ/yWdTzWwF3FevIX9LcMAjJW+GRwAlAbTSXdg==}
    engines: {node: '>=20'}

  strip-ansi@6.0.1:
    resolution: {integrity: sha512-Y38VPSHcqkFrCpFnQ9vuSXmquuv5oXOKpGeT6aGrr3o3Gc9AlVa6JBfUSOCnbxGGZF+/0ooI7KrPuUSztUdU5A==}
    engines: {node: '>=8'}

  strip-ansi@7.1.2:
    resolution: {integrity: sha512-gmBGslpoQJtgnMAvOVqGZpEz9dyoKTCzy2nfz/n8aIFhN/jCE/rCmcxabB6jOOHV+0WNnylOxaxBQPSvcWklhA==}
    engines: {node: '>=12'}

  ts-node@10.9.2:
    resolution: {integrity: sha512-f0FFpIdcHgn8zcPSbf1dRevwt047YMnaiJM3u2w2RewrB+fob/zePZcrOyQoLMMO7aBIddLcQIEK5dYjkLnGrQ==}
    hasBin: true
    peerDependencies:
      '@swc/core': '>=1.2.50'
      '@swc/wasm': '>=1.2.50'
      '@types/node': '*'
      typescript: '>=2.7'
    peerDependenciesMeta:
      '@swc/core':
        optional: true
      '@swc/wasm':
        optional: true

  tslib@2.8.1:
    resolution: {integrity: sha512-oJFu94HQb+KVduSUQL7wnpmqnfmLsOA/nAh6b6EH0wCEoK0/mPeXU6c3wKDV83MkOuHPRHtSXKKU99IBazS/2w==}

  typescript@5.9.3:
    resolution: {integrity: sha512-jl1vZzPDinLr9eUt3J/t7V6FgNEw9QjvBPdysz9KfQDD41fQrC2Y4vKQdiaUpFT4bXlb1RHhLpp8wtm6M5TgSw==}
    engines: {node: '>=14.17'}
    hasBin: true

  undici-types@7.16.0:
    resolution: {integrity: sha512-Zz+aZWSj8LE6zoxD+xrjh4VfkIG8Ya6LvYkZqtUQGJPZjYl53ypCaUwWqo7eI0x66KBGeRo+mlBEkMSeSZ38Nw==}

  v8-compile-cache-lib@3.0.1:
    resolution: {integrity: sha512-wa7YjyUGfNZngI/vtK0UHAN+lgDCxBPCylVXGp0zu59Fz5aiGtNXaq3DhIov063MorB+VfufLh3JlF2KdTK3xg==}

  web-streams-polyfill@3.3.3:
    resolution: {integrity: sha512-d2JWLCivmZYTSIoge9MsgFCZrt571BikcWGYkjC1khllbTeDlGqZ2D8vD8E/lJa8WGWbb7Plm8/XJYV7IJHZZw==}
    engines: {node: '>= 8'}

  wrap-ansi@6.2.0:
    resolution: {integrity: sha512-r6lPcBGxZXlIcymEu7InxDMhdW0KDxpLgoFLcguasxCaJ/SOIZwINatK9KY/tf+ZrlywOKU0UDj3ATXUBfxJXA==}
    engines: {node: '>=8'}

  ws@8.18.3:
    resolution: {integrity: sha512-PEIGCY5tSlUt50cqyMXfCzX+oOPqN0vuGqWzbcJ2xvnkzkq46oOpz7dQaTDBdfICb4N14+GARUDw2XV2N4tvzg==}
    engines: {node: '>=10.0.0'}
    peerDependencies:
      bufferutil: ^4.0.1
      utf-8-validate: '>=5.0.2'
    peerDependenciesMeta:
      bufferutil:
        optional: true
      utf-8-validate:
        optional: true

  yn@3.1.1:
    resolution: {integrity: sha512-Ux4ygGWsu2c7isFWe8Yu1YluJmqVhxqK2cLXNQA5AcC3QfbGNpM7fu0Y8b/z16pXLnFxZYvWhd3fhBY9DLmC6Q==}
    engines: {node: '>=6'}

  yoctocolors-cjs@2.1.3:
    resolution: {integrity: sha512-U/PBtDf35ff0D8X8D0jfdzHYEPFxAI7jJlxZXwCSez5M3190m+QobIfh+sWDWSHMCWWJN2AWamkegn6vr6YBTw==}
    engines: {node: '>=18'}

  yoctocolors@2.1.2:
    resolution: {integrity: sha512-CzhO+pFNo8ajLM2d2IW/R93ipy99LWjtwblvC1RsoSUMZgyLbYFr221TnSNT7GjGdYui6P459mw9JH/g/zW2ug==}
    engines: {node: '>=18'}

snapshots:

  '@colors/colors@1.5.0':
    optional: true

  '@cspotcode/source-map-support@0.8.1':
    dependencies:
      '@jridgewell/trace-mapping': 0.3.9

  '@inquirer/ansi@1.0.2': {}

  '@inquirer/checkbox@4.3.1(@types/node@24.10.1)':
    dependencies:
      '@inquirer/ansi': 1.0.2
      '@inquirer/core': 10.3.1(@types/node@24.10.1)
      '@inquirer/figures': 1.0.15
      '@inquirer/type': 3.0.10(@types/node@24.10.1)
      yoctocolors-cjs: 2.1.3
    optionalDependencies:
      '@types/node': 24.10.1

  '@inquirer/confirm@5.1.20(@types/node@24.10.1)':
    dependencies:
      '@inquirer/core': 10.3.1(@types/node@24.10.1)
      '@inquirer/type': 3.0.10(@types/node@24.10.1)
    optionalDependencies:
      '@types/node': 24.10.1

  '@inquirer/core@10.3.1(@types/node@24.10.1)':
    dependencies:
      '@inquirer/ansi': 1.0.2
      '@inquirer/figures': 1.0.15
      '@inquirer/type': 3.0.10(@types/node@24.10.1)
      cli-width: 4.1.0
      mute-stream: 3.0.0
      signal-exit: 4.1.0
      wrap-ansi: 6.2.0
      yoctocolors-cjs: 2.1.3
    optionalDependencies:
      '@types/node': 24.10.1

  '@inquirer/editor@4.2.22(@types/node@24.10.1)':
    dependencies:
      '@inquirer/core': 10.3.1(@types/node@24.10.1)
      '@inquirer/external-editor': 1.0.3(@types/node@24.10.1)
      '@inquirer/type': 3.0.10(@types/node@24.10.1)
    optionalDependencies:
      '@types/node': 24.10.1

  '@inquirer/expand@4.0.22(@types/node@24.10.1)':
    dependencies:
      '@inquirer/core': 10.3.1(@types/node@24.10.1)
      '@inquirer/type': 3.0.10(@types/node@24.10.1)
      yoctocolors-cjs: 2.1.3
    optionalDependencies:
      '@types/node': 24.10.1

  '@inquirer/external-editor@1.0.3(@types/node@24.10.1)':
    dependencies:
      chardet: 2.1.1
      iconv-lite: 0.7.0
    optionalDependencies:
      '@types/node': 24.10.1

  '@inquirer/figures@1.0.15': {}

  '@inquirer/input@4.3.0(@types/node@24.10.1)':
    dependencies:
      '@inquirer/core': 10.3.1(@types/node@24.10.1)
      '@inquirer/type': 3.0.10(@types/node@24.10.1)
    optionalDependencies:
      '@types/node': 24.10.1

  '@inquirer/number@3.0.22(@types/node@24.10.1)':
    dependencies:
      '@inquirer/core': 10.3.1(@types/node@24.10.1)
      '@inquirer/type': 3.0.10(@types/node@24.10.1)
    optionalDependencies:
      '@types/node': 24.10.1

  '@inquirer/password@4.0.22(@types/node@24.10.1)':
    dependencies:
      '@inquirer/ansi': 1.0.2
      '@inquirer/core': 10.3.1(@types/node@24.10.1)
      '@inquirer/type': 3.0.10(@types/node@24.10.1)
    optionalDependencies:
      '@types/node': 24.10.1

  '@inquirer/prompts@7.10.0(@types/node@24.10.1)':
    dependencies:
      '@inquirer/checkbox': 4.3.1(@types/node@24.10.1)
      '@inquirer/confirm': 5.1.20(@types/node@24.10.1)
      '@inquirer/editor': 4.2.22(@types/node@24.10.1)
      '@inquirer/expand': 4.0.22(@types/node@24.10.1)
      '@inquirer/input': 4.3.0(@types/node@24.10.1)
      '@inquirer/number': 3.0.22(@types/node@24.10.1)
      '@inquirer/password': 4.0.22(@types/node@24.10.1)
      '@inquirer/rawlist': 4.1.10(@types/node@24.10.1)
      '@inquirer/search': 3.2.1(@types/node@24.10.1)
      '@inquirer/select': 4.4.1(@types/node@24.10.1)
    optionalDependencies:
      '@types/node': 24.10.1

  '@inquirer/rawlist@4.1.10(@types/node@24.10.1)':
    dependencies:
      '@inquirer/core': 10.3.1(@types/node@24.10.1)
      '@inquirer/type': 3.0.10(@types/node@24.10.1)
      yoctocolors-cjs: 2.1.3
    optionalDependencies:
      '@types/node': 24.10.1

  '@inquirer/search@3.2.1(@types/node@24.10.1)':
    dependencies:
      '@inquirer/core': 10.3.1(@types/node@24.10.1)
      '@inquirer/figures': 1.0.15
      '@inquirer/type': 3.0.10(@types/node@24.10.1)
      yoctocolors-cjs: 2.1.3
    optionalDependencies:
      '@types/node': 24.10.1

  '@inquirer/select@4.4.1(@types/node@24.10.1)':
    dependencies:
      '@inquirer/ansi': 1.0.2
      '@inquirer/core': 10.3.1(@types/node@24.10.1)
      '@inquirer/figures': 1.0.15
      '@inquirer/type': 3.0.10(@types/node@24.10.1)
      yoctocolors-cjs: 2.1.3
    optionalDependencies:
      '@types/node': 24.10.1

  '@inquirer/type@3.0.10(@types/node@24.10.1)':
    optionalDependencies:
      '@types/node': 24.10.1

  '@jridgewell/resolve-uri@3.1.2': {}

  '@jridgewell/sourcemap-codec@1.5.5': {}

  '@jridgewell/trace-mapping@0.3.9':
    dependencies:
      '@jridgewell/resolve-uri': 3.1.2
      '@jridgewell/sourcemap-codec': 1.5.5

  '@noble/curves@1.9.7':
    dependencies:
      '@noble/hashes': 1.8.0

  '@noble/hashes@1.8.0': {}

  '@polkadot-api/json-rpc-provider-proxy@0.1.0':
    optional: true

  '@polkadot-api/json-rpc-provider@0.0.1':
    optional: true

  '@polkadot-api/metadata-builders@0.3.2':
    dependencies:
      '@polkadot-api/substrate-bindings': 0.6.0
      '@polkadot-api/utils': 0.1.0
    optional: true

  '@polkadot-api/observable-client@0.3.2(@polkadot-api/substrate-client@0.1.4)(rxjs@7.8.2)':
    dependencies:
      '@polkadot-api/metadata-builders': 0.3.2
      '@polkadot-api/substrate-bindings': 0.6.0
      '@polkadot-api/substrate-client': 0.1.4
      '@polkadot-api/utils': 0.1.0
      rxjs: 7.8.2
    optional: true

  '@polkadot-api/substrate-bindings@0.6.0':
    dependencies:
      '@noble/hashes': 1.8.0
      '@polkadot-api/utils': 0.1.0
      '@scure/base': 1.2.6
      scale-ts: 1.6.1
    optional: true

  '@polkadot-api/substrate-client@0.1.4':
    dependencies:
      '@polkadot-api/json-rpc-provider': 0.0.1
      '@polkadot-api/utils': 0.1.0
    optional: true

  '@polkadot-api/utils@0.1.0':
    optional: true

  '@polkadot/api-augment@16.5.2':
    dependencies:
      '@polkadot/api-base': 16.5.2
      '@polkadot/rpc-augment': 16.5.2
      '@polkadot/types': 16.5.2
      '@polkadot/types-augment': 16.5.2
      '@polkadot/types-codec': 16.5.2
      '@polkadot/util': 13.5.8
      tslib: 2.8.1
    transitivePeerDependencies:
      - bufferutil
      - supports-color
      - utf-8-validate

  '@polkadot/api-base@16.5.2':
    dependencies:
      '@polkadot/rpc-core': 16.5.2
      '@polkadot/types': 16.5.2
      '@polkadot/util': 13.5.8
      rxjs: 7.8.2
      tslib: 2.8.1
    transitivePeerDependencies:
      - bufferutil
      - supports-color
      - utf-8-validate

  '@polkadot/api-derive@16.5.2':
    dependencies:
      '@polkadot/api': 16.5.2
      '@polkadot/api-augment': 16.5.2
      '@polkadot/api-base': 16.5.2
      '@polkadot/rpc-core': 16.5.2
      '@polkadot/types': 16.5.2
      '@polkadot/types-codec': 16.5.2
      '@polkadot/util': 13.5.8
      '@polkadot/util-crypto': 13.5.8(@polkadot/util@13.5.8)
      rxjs: 7.8.2
      tslib: 2.8.1
    transitivePeerDependencies:
      - bufferutil
      - supports-color
      - utf-8-validate

  '@polkadot/api@16.5.2':
    dependencies:
      '@polkadot/api-augment': 16.5.2
      '@polkadot/api-base': 16.5.2
      '@polkadot/api-derive': 16.5.2
      '@polkadot/keyring': 13.5.8(@polkadot/util-crypto@13.5.8(@polkadot/util@13.5.8))(@polkadot/util@13.5.8)
      '@polkadot/rpc-augment': 16.5.2
      '@polkadot/rpc-core': 16.5.2
      '@polkadot/rpc-provider': 16.5.2
      '@polkadot/types': 16.5.2
      '@polkadot/types-augment': 16.5.2
      '@polkadot/types-codec': 16.5.2
      '@polkadot/types-create': 16.5.2
      '@polkadot/types-known': 16.5.2
      '@polkadot/util': 13.5.8
      '@polkadot/util-crypto': 13.5.8(@polkadot/util@13.5.8)
      eventemitter3: 5.0.1
      rxjs: 7.8.2
      tslib: 2.8.1
    transitivePeerDependencies:
      - bufferutil
      - supports-color
      - utf-8-validate

  '@polkadot/keyring@13.5.8(@polkadot/util-crypto@13.5.8(@polkadot/util@13.5.8))(@polkadot/util@13.5.8)':
    dependencies:
      '@polkadot/util': 13.5.8
      '@polkadot/util-crypto': 13.5.8(@polkadot/util@13.5.8)
      tslib: 2.8.1

  '@polkadot/networks@13.5.8':
    dependencies:
      '@polkadot/util': 13.5.8
      '@substrate/ss58-registry': 1.51.0
      tslib: 2.8.1

  '@polkadot/rpc-augment@16.5.2':
    dependencies:
      '@polkadot/rpc-core': 16.5.2
      '@polkadot/types': 16.5.2
      '@polkadot/types-codec': 16.5.2
      '@polkadot/util': 13.5.8
      tslib: 2.8.1
    transitivePeerDependencies:
      - bufferutil
      - supports-color
      - utf-8-validate

  '@polkadot/rpc-core@16.5.2':
    dependencies:
      '@polkadot/rpc-augment': 16.5.2
      '@polkadot/rpc-provider': 16.5.2
      '@polkadot/types': 16.5.2
      '@polkadot/util': 13.5.8
      rxjs: 7.8.2
      tslib: 2.8.1
    transitivePeerDependencies:
      - bufferutil
      - supports-color
      - utf-8-validate

  '@polkadot/rpc-provider@16.5.2':
    dependencies:
      '@polkadot/keyring': 13.5.8(@polkadot/util-crypto@13.5.8(@polkadot/util@13.5.8))(@polkadot/util@13.5.8)
      '@polkadot/types': 16.5.2
      '@polkadot/types-support': 16.5.2
      '@polkadot/util': 13.5.8
      '@polkadot/util-crypto': 13.5.8(@polkadot/util@13.5.8)
      '@polkadot/x-fetch': 13.5.8
      '@polkadot/x-global': 13.5.8
      '@polkadot/x-ws': 13.5.8
      eventemitter3: 5.0.1
      mock-socket: 9.3.1
      nock: 13.5.6
      tslib: 2.8.1
    optionalDependencies:
      '@substrate/connect': 0.8.11
    transitivePeerDependencies:
      - bufferutil
      - supports-color
      - utf-8-validate

  '@polkadot/types-augment@16.5.2':
    dependencies:
      '@polkadot/types': 16.5.2
      '@polkadot/types-codec': 16.5.2
      '@polkadot/util': 13.5.8
      tslib: 2.8.1

  '@polkadot/types-codec@16.5.2':
    dependencies:
      '@polkadot/util': 13.5.8
      '@polkadot/x-bigint': 13.5.8
      tslib: 2.8.1

  '@polkadot/types-create@16.5.2':
    dependencies:
      '@polkadot/types-codec': 16.5.2
      '@polkadot/util': 13.5.8
      tslib: 2.8.1

  '@polkadot/types-known@16.5.2':
    dependencies:
      '@polkadot/networks': 13.5.8
      '@polkadot/types': 16.5.2
      '@polkadot/types-codec': 16.5.2
      '@polkadot/types-create': 16.5.2
      '@polkadot/util': 13.5.8
      tslib: 2.8.1

  '@polkadot/types-support@16.5.2':
    dependencies:
      '@polkadot/util': 13.5.8
      tslib: 2.8.1

  '@polkadot/types@16.5.2':
    dependencies:
      '@polkadot/keyring': 13.5.8(@polkadot/util-crypto@13.5.8(@polkadot/util@13.5.8))(@polkadot/util@13.5.8)
      '@polkadot/types-augment': 16.5.2
      '@polkadot/types-codec': 16.5.2
      '@polkadot/types-create': 16.5.2
      '@polkadot/util': 13.5.8
      '@polkadot/util-crypto': 13.5.8(@polkadot/util@13.5.8)
      rxjs: 7.8.2
      tslib: 2.8.1

  '@polkadot/util-crypto@13.5.8(@polkadot/util@13.5.8)':
    dependencies:
      '@noble/curves': 1.9.7
      '@noble/hashes': 1.8.0
      '@polkadot/networks': 13.5.8
      '@polkadot/util': 13.5.8
      '@polkadot/wasm-crypto': 7.5.2(@polkadot/util@13.5.8)(@polkadot/x-randomvalues@13.5.8(@polkadot/util@13.5.8)(@polkadot/wasm-util@7.5.2(@polkadot/util@13.5.8)))
      '@polkadot/wasm-util': 7.5.2(@polkadot/util@13.5.8)
      '@polkadot/x-bigint': 13.5.8
      '@polkadot/x-randomvalues': 13.5.8(@polkadot/util@13.5.8)(@polkadot/wasm-util@7.5.2(@polkadot/util@13.5.8))
      '@scure/base': 1.2.6
      tslib: 2.8.1

  '@polkadot/util@13.5.8':
    dependencies:
      '@polkadot/x-bigint': 13.5.8
      '@polkadot/x-global': 13.5.8
      '@polkadot/x-textdecoder': 13.5.8
      '@polkadot/x-textencoder': 13.5.8
      '@types/bn.js': 5.2.0
      bn.js: 5.2.2
      tslib: 2.8.1

  '@polkadot/wasm-bridge@7.5.2(@polkadot/util@13.5.8)(@polkadot/x-randomvalues@13.5.8(@polkadot/util@13.5.8)(@polkadot/wasm-util@7.5.2(@polkadot/util@13.5.8)))':
    dependencies:
      '@polkadot/util': 13.5.8
      '@polkadot/wasm-util': 7.5.2(@polkadot/util@13.5.8)
      '@polkadot/x-randomvalues': 13.5.8(@polkadot/util@13.5.8)(@polkadot/wasm-util@7.5.2(@polkadot/util@13.5.8))
      tslib: 2.8.1

  '@polkadot/wasm-crypto-asmjs@7.5.2(@polkadot/util@13.5.8)':
    dependencies:
      '@polkadot/util': 13.5.8
      tslib: 2.8.1

  '@polkadot/wasm-crypto-init@7.5.2(@polkadot/util@13.5.8)(@polkadot/x-randomvalues@13.5.8(@polkadot/util@13.5.8)(@polkadot/wasm-util@7.5.2(@polkadot/util@13.5.8)))':
    dependencies:
      '@polkadot/util': 13.5.8
      '@polkadot/wasm-bridge': 7.5.2(@polkadot/util@13.5.8)(@polkadot/x-randomvalues@13.5.8(@polkadot/util@13.5.8)(@polkadot/wasm-util@7.5.2(@polkadot/util@13.5.8)))
      '@polkadot/wasm-crypto-asmjs': 7.5.2(@polkadot/util@13.5.8)
      '@polkadot/wasm-crypto-wasm': 7.5.2(@polkadot/util@13.5.8)
      '@polkadot/wasm-util': 7.5.2(@polkadot/util@13.5.8)
      '@polkadot/x-randomvalues': 13.5.8(@polkadot/util@13.5.8)(@polkadot/wasm-util@7.5.2(@polkadot/util@13.5.8))
      tslib: 2.8.1

  '@polkadot/wasm-crypto-wasm@7.5.2(@polkadot/util@13.5.8)':
    dependencies:
      '@polkadot/util': 13.5.8
      '@polkadot/wasm-util': 7.5.2(@polkadot/util@13.5.8)
      tslib: 2.8.1

  '@polkadot/wasm-crypto@7.5.2(@polkadot/util@13.5.8)(@polkadot/x-randomvalues@13.5.8(@polkadot/util@13.5.8)(@polkadot/wasm-util@7.5.2(@polkadot/util@13.5.8)))':
    dependencies:
      '@polkadot/util': 13.5.8
      '@polkadot/wasm-bridge': 7.5.2(@polkadot/util@13.5.8)(@polkadot/x-randomvalues@13.5.8(@polkadot/util@13.5.8)(@polkadot/wasm-util@7.5.2(@polkadot/util@13.5.8)))
      '@polkadot/wasm-crypto-asmjs': 7.5.2(@polkadot/util@13.5.8)
      '@polkadot/wasm-crypto-init': 7.5.2(@polkadot/util@13.5.8)(@polkadot/x-randomvalues@13.5.8(@polkadot/util@13.5.8)(@polkadot/wasm-util@7.5.2(@polkadot/util@13.5.8)))
      '@polkadot/wasm-crypto-wasm': 7.5.2(@polkadot/util@13.5.8)
      '@polkadot/wasm-util': 7.5.2(@polkadot/util@13.5.8)
      '@polkadot/x-randomvalues': 13.5.8(@polkadot/util@13.5.8)(@polkadot/wasm-util@7.5.2(@polkadot/util@13.5.8))
      tslib: 2.8.1

  '@polkadot/wasm-util@7.5.2(@polkadot/util@13.5.8)':
    dependencies:
      '@polkadot/util': 13.5.8
      tslib: 2.8.1

  '@polkadot/x-bigint@13.5.8':
    dependencies:
      '@polkadot/x-global': 13.5.8
      tslib: 2.8.1

  '@polkadot/x-fetch@13.5.8':
    dependencies:
      '@polkadot/x-global': 13.5.8
      node-fetch: 3.3.2
      tslib: 2.8.1

  '@polkadot/x-global@13.5.8':
    dependencies:
      tslib: 2.8.1

  '@polkadot/x-randomvalues@13.5.8(@polkadot/util@13.5.8)(@polkadot/wasm-util@7.5.2(@polkadot/util@13.5.8))':
    dependencies:
      '@polkadot/util': 13.5.8
      '@polkadot/wasm-util': 7.5.2(@polkadot/util@13.5.8)
      '@polkadot/x-global': 13.5.8
      tslib: 2.8.1

  '@polkadot/x-textdecoder@13.5.8':
    dependencies:
      '@polkadot/x-global': 13.5.8
      tslib: 2.8.1

  '@polkadot/x-textencoder@13.5.8':
    dependencies:
      '@polkadot/x-global': 13.5.8
      tslib: 2.8.1

  '@polkadot/x-ws@13.5.8':
    dependencies:
      '@polkadot/x-global': 13.5.8
      tslib: 2.8.1
      ws: 8.18.3
    transitivePeerDependencies:
      - bufferutil
      - utf-8-validate

  '@scure/base@1.2.6': {}

  '@substrate/connect-extension-protocol@2.2.2':
    optional: true

  '@substrate/connect-known-chains@1.10.3':
    optional: true

  '@substrate/connect@0.8.11':
    dependencies:
      '@substrate/connect-extension-protocol': 2.2.2
      '@substrate/connect-known-chains': 1.10.3
      '@substrate/light-client-extension-helpers': 1.0.0(smoldot@2.0.26)
      smoldot: 2.0.26
    transitivePeerDependencies:
      - bufferutil
      - utf-8-validate
    optional: true

  '@substrate/light-client-extension-helpers@1.0.0(smoldot@2.0.26)':
    dependencies:
      '@polkadot-api/json-rpc-provider': 0.0.1
      '@polkadot-api/json-rpc-provider-proxy': 0.1.0
      '@polkadot-api/observable-client': 0.3.2(@polkadot-api/substrate-client@0.1.4)(rxjs@7.8.2)
      '@polkadot-api/substrate-client': 0.1.4
      '@substrate/connect-extension-protocol': 2.2.2
      '@substrate/connect-known-chains': 1.10.3
      rxjs: 7.8.2
      smoldot: 2.0.26
    optional: true

  '@substrate/ss58-registry@1.51.0': {}

  '@tsconfig/node10@1.0.11': {}

  '@tsconfig/node12@1.0.11': {}

  '@tsconfig/node14@1.0.3': {}

  '@tsconfig/node16@1.0.4': {}

  '@types/bn.js@5.2.0':
    dependencies:
      '@types/node': 24.10.1

  '@types/node@24.10.1':
    dependencies:
      undici-types: 7.16.0

  acorn-walk@8.3.4:
    dependencies:
      acorn: 8.15.0

  acorn@8.15.0: {}

  ansi-regex@5.0.1: {}

  ansi-regex@6.2.2: {}

  ansi-styles@4.3.0:
    dependencies:
      color-convert: 2.0.1

  arg@4.1.3: {}

  bn.js@5.2.2: {}

  chalk@5.6.2: {}

  chardet@2.1.1: {}

  cli-cursor@5.0.0:
    dependencies:
      restore-cursor: 5.1.0

  cli-spinners@3.3.0: {}

  cli-table3@0.6.5:
    dependencies:
      string-width: 4.2.3
    optionalDependencies:
      '@colors/colors': 1.5.0

  cli-width@4.1.0: {}

  color-convert@2.0.1:
    dependencies:
      color-name: 1.1.4

  color-name@1.1.4: {}

  commander@14.0.2: {}

  create-require@1.1.1: {}

  data-uri-to-buffer@4.0.1: {}

  debug@4.4.3:
    dependencies:
      ms: 2.1.3

  diff@4.0.2: {}

  dotenv@17.2.3: {}

  emoji-regex@8.0.0: {}

  eventemitter3@5.0.1: {}

  fetch-blob@3.2.0:
    dependencies:
      node-domexception: 1.0.0
      web-streams-polyfill: 3.3.3

  figlet@1.9.3:
    dependencies:
      commander: 14.0.2

  formdata-polyfill@4.0.10:
    dependencies:
      fetch-blob: 3.2.0

  get-east-asian-width@1.4.0: {}

  iconv-lite@0.7.0:
    dependencies:
      safer-buffer: 2.1.2

  inquirer@12.11.0(@types/node@24.10.1):
    dependencies:
      '@inquirer/ansi': 1.0.2
      '@inquirer/core': 10.3.1(@types/node@24.10.1)
      '@inquirer/prompts': 7.10.0(@types/node@24.10.1)
      '@inquirer/type': 3.0.10(@types/node@24.10.1)
      mute-stream: 3.0.0
      run-async: 4.0.6
      rxjs: 7.8.2
    optionalDependencies:
      '@types/node': 24.10.1

  is-fullwidth-code-point@3.0.0: {}

  is-interactive@2.0.0: {}

  is-unicode-supported@2.1.0: {}

  json-stringify-safe@5.0.1: {}

  log-symbols@7.0.1:
    dependencies:
      is-unicode-supported: 2.1.0
      yoctocolors: 2.1.2

  make-error@1.3.6: {}

  mimic-function@5.0.1: {}

  mock-socket@9.3.1: {}

  ms@2.1.3: {}

  mute-stream@3.0.0: {}

  nock@13.5.6:
    dependencies:
      debug: 4.4.3
      json-stringify-safe: 5.0.1
      propagate: 2.0.1
    transitivePeerDependencies:
      - supports-color

  node-domexception@1.0.0: {}

  node-fetch@3.3.2:
    dependencies:
      data-uri-to-buffer: 4.0.1
      fetch-blob: 3.2.0
      formdata-polyfill: 4.0.10

  onetime@7.0.0:
    dependencies:
      mimic-function: 5.0.1

  ora@9.0.0:
    dependencies:
      chalk: 5.6.2
      cli-cursor: 5.0.0
      cli-spinners: 3.3.0
      is-interactive: 2.0.0
      is-unicode-supported: 2.1.0
      log-symbols: 7.0.1
      stdin-discarder: 0.2.2
      string-width: 8.1.0
      strip-ansi: 7.1.2

  propagate@2.0.1: {}

  restore-cursor@5.1.0:
    dependencies:
      onetime: 7.0.0
      signal-exit: 4.1.0

  run-async@4.0.6: {}

  rxjs@7.8.2:
    dependencies:
      tslib: 2.8.1

  safer-buffer@2.1.2: {}

  scale-ts@1.6.1:
    optional: true

  signal-exit@4.1.0: {}

  smoldot@2.0.26:
    dependencies:
      ws: 8.18.3
    transitivePeerDependencies:
      - bufferutil
      - utf-8-validate
    optional: true

  stdin-discarder@0.2.2: {}

  string-width@4.2.3:
    dependencies:
      emoji-regex: 8.0.0
      is-fullwidth-code-point: 3.0.0
      strip-ansi: 6.0.1

  string-width@8.1.0:
    dependencies:
      get-east-asian-width: 1.4.0
      strip-ansi: 7.1.2

  strip-ansi@6.0.1:
    dependencies:
      ansi-regex: 5.0.1

  strip-ansi@7.1.2:
    dependencies:
      ansi-regex: 6.2.2

  ts-node@10.9.2(@types/node@24.10.1)(typescript@5.9.3):
    dependencies:
      '@cspotcode/source-map-support': 0.8.1
      '@tsconfig/node10': 1.0.11
      '@tsconfig/node12': 1.0.11
      '@tsconfig/node14': 1.0.3
      '@tsconfig/node16': 1.0.4
      '@types/node': 24.10.1
      acorn: 8.15.0
      acorn-walk: 8.3.4
      arg: 4.1.3
      create-require: 1.1.1
      diff: 4.0.2
      make-error: 1.3.6
      typescript: 5.9.3
      v8-compile-cache-lib: 3.0.1
      yn: 3.1.1

  tslib@2.8.1: {}

  typescript@5.9.3: {}

  undici-types@7.16.0: {}

  v8-compile-cache-lib@3.0.1: {}

  web-streams-polyfill@3.3.3: {}

  wrap-ansi@6.2.0:
    dependencies:
      ansi-styles: 4.3.0
      string-width: 4.2.3
      strip-ansi: 6.0.1

  ws@8.18.3: {}

  yn@3.1.1: {}

  yoctocolors-cjs@2.1.3: {}

  yoctocolors@2.1.2: {}
